
Microsoft Visual Studio Solution File, Format Version 12.00
# Visual Studio Version 17
VisualStudioVersion = 17.1.3
MinimumVisualStudioVersion = 10.0.40219.1
Project("{9A19103F-16F7-4668-BE54-9A1E7A4F7556}") = "AbstractShipyardView", "AbstractShipyardView\AbstractShipyardView.csproj", "{3BC66222-553F-44AE-B531-D30A3EB40E91}"
EndProject
Project("{9A19103F-16F7-4668-BE54-9A1E7A4F7556}") = "AbstractShipyardContracts", "AbstractShipyardContracts\AbstractShipyardContracts.csproj", "{BA3D1E85-37CD-49DE-9860-23EEDE38D988}"
EndProject
Project("{9A19103F-16F7-4668-BE54-9A1E7A4F7556}") = "AbstractShipyardListImplement", "AbstractShipyardListImplement\AbstractShipyardListImplement.csproj", "{E4CF53EA-FAE0-48AA-AC00-2DFA09B4E88A}"
EndProject
Project("{9A19103F-16F7-4668-BE54-9A1E7A4F7556}") = "AbstractShipyardBusinessLogic", "AbstractShipyardBusinessLogic\AbstractShipyardBusinessLogic.csproj", "{050E5477-1CE0-41A6-880E-6BD7C9C2763B}"
EndProject
Project("{9A19103F-16F7-4668-BE54-9A1E7A4F7556}") = "AbstractShipyardFileImplement", "AbstractShipyardFileImplement\AbstractShipyardFileImplement.csproj", "{ED8C30EC-E7C1-42C1-8020-783FF8D38AC4}"
EndProject
Project("{9A19103F-16F7-4668-BE54-9A1E7A4F7556}") = "AbstractShipyardDatabaseImplement", "AbstractShipyardDatabaseImplement\AbstractShipyardDatabaseImplement.csproj", "{C1A9CDA8-6138-4691-ACD8-EB885EA42E16}"
EndProject
Project("{FAE04EC0-301F-11D3-BF4B-00C04F79EFBC}") = "AbstractShipyardRestApi", "AbstractShipyardRestApi\AbstractShipyardRestApi.csproj", "{B44FAB4B-4462-48A2-9F91-534B9AE9A058}"
EndProject
Project("{FAE04EC0-301F-11D3-BF4B-00C04F79EFBC}") = "AbstractShipyardClientApp", "AbstractShipyardClientApp\AbstractShipyardClientApp.csproj", "{7EA0259F-E22E-4A8F-9107-3EDE6D9300BD}"
EndProject
Global
	GlobalSection(SolutionConfigurationPlatforms) = preSolution
		Debug|Any CPU = Debug|Any CPU
		Release|Any CPU = Release|Any CPU
	EndGlobalSection
	GlobalSection(ProjectConfigurationPlatforms) = postSolution
		{3BC66222-553F-44AE-B531-D30A3EB40E91}.Debug|Any CPU.ActiveCfg = Debug|Any CPU
		{3BC66222-553F-44AE-B531-D30A3EB40E91}.Debug|Any CPU.Build.0 = Debug|Any CPU
		{3BC66222-553F-44AE-B531-D30A3EB40E91}.Release|Any CPU.ActiveCfg = Release|Any CPU
		{3BC66222-553F-44AE-B531-D30A3EB40E91}.Release|Any CPU.Build.0 = Release|Any CPU
		{BA3D1E85-37CD-49DE-9860-23EEDE38D988}.Debug|Any CPU.ActiveCfg = Debug|Any CPU
		{BA3D1E85-37CD-49DE-9860-23EEDE38D988}.Debug|Any CPU.Build.0 = Debug|Any CPU
		{BA3D1E85-37CD-49DE-9860-23EEDE38D988}.Release|Any CPU.ActiveCfg = Release|Any CPU
		{BA3D1E85-37CD-49DE-9860-23EEDE38D988}.Release|Any CPU.Build.0 = Release|Any CPU
		{E4CF53EA-FAE0-48AA-AC00-2DFA09B4E88A}.Debug|Any CPU.ActiveCfg = Debug|Any CPU
		{E4CF53EA-FAE0-48AA-AC00-2DFA09B4E88A}.Debug|Any CPU.Build.0 = Debug|Any CPU
		{E4CF53EA-FAE0-48AA-AC00-2DFA09B4E88A}.Release|Any CPU.ActiveCfg = Release|Any CPU
		{E4CF53EA-FAE0-48AA-AC00-2DFA09B4E88A}.Release|Any CPU.Build.0 = Release|Any CPU
		{050E5477-1CE0-41A6-880E-6BD7C9C2763B}.Debug|Any CPU.ActiveCfg = Debug|Any CPU
		{050E5477-1CE0-41A6-880E-6BD7C9C2763B}.Debug|Any CPU.Build.0 = Debug|Any CPU
		{050E5477-1CE0-41A6-880E-6BD7C9C2763B}.Release|Any CPU.ActiveCfg = Release|Any CPU
		{050E5477-1CE0-41A6-880E-6BD7C9C2763B}.Release|Any CPU.Build.0 = Release|Any CPU
		{ED8C30EC-E7C1-42C1-8020-783FF8D38AC4}.Debug|Any CPU.ActiveCfg = Debug|Any CPU
		{ED8C30EC-E7C1-42C1-8020-783FF8D38AC4}.Debug|Any CPU.Build.0 = Debug|Any CPU
		{ED8C30EC-E7C1-42C1-8020-783FF8D38AC4}.Release|Any CPU.ActiveCfg = Release|Any CPU
		{ED8C30EC-E7C1-42C1-8020-783FF8D38AC4}.Release|Any CPU.Build.0 = Release|Any CPU
		{C1A9CDA8-6138-4691-ACD8-EB885EA42E16}.Debug|Any CPU.ActiveCfg = Debug|Any CPU
		{C1A9CDA8-6138-4691-ACD8-EB885EA42E16}.Debug|Any CPU.Build.0 = Debug|Any CPU
		{C1A9CDA8-6138-4691-ACD8-EB885EA42E16}.Release|Any CPU.ActiveCfg = Release|Any CPU
		{C1A9CDA8-6138-4691-ACD8-EB885EA42E16}.Release|Any CPU.Build.0 = Release|Any CPU
		{B44FAB4B-4462-48A2-9F91-534B9AE9A058}.Debug|Any CPU.ActiveCfg = Debug|Any CPU
		{B44FAB4B-4462-48A2-9F91-534B9AE9A058}.Debug|Any CPU.Build.0 = Debug|Any CPU
		{B44FAB4B-4462-48A2-9F91-534B9AE9A058}.Release|Any CPU.ActiveCfg = Release|Any CPU
		{B44FAB4B-4462-48A2-9F91-534B9AE9A058}.Release|Any CPU.Build.0 = Release|Any CPU
		{7EA0259F-E22E-4A8F-9107-3EDE6D9300BD}.Debug|Any CPU.ActiveCfg = Debug|Any CPU
		{7EA0259F-E22E-4A8F-9107-3EDE6D9300BD}.Debug|Any CPU.Build.0 = Debug|Any CPU
		{7EA0259F-E22E-4A8F-9107-3EDE6D9300BD}.Release|Any CPU.ActiveCfg = Release|Any CPU
		{7EA0259F-E22E-4A8F-9107-3EDE6D9300BD}.Release|Any CPU.Build.0 = Release|Any CPU
	EndGlobalSection
	GlobalSection(SolutionProperties) = preSolution
		HideSolutionNode = FALSE
	EndGlobalSection
	GlobalSection(ExtensibilityGlobals) = postSolution
		SolutionGuid = {79E18F63-8BB5-406F-8E22-F23C5E837D8E}
	EndGlobalSection
EndGlobal
