
Microsoft Visual Studio Solution File, Format Version 12.00
# Visual Studio Version 17
VisualStudioVersion = 17.0.31912.275
MinimumVisualStudioVersion = 10.0.40219.1
Project("{FAE04EC0-301F-11D3-BF4B-00C04F79EFBC}") = "AbstractShipyardView", "AbstractShipyardView\AbstractShipyardView.csproj", "{3BC66222-553F-44AE-B531-D30A3EB40E91}"
EndProject
Project("{FAE04EC0-301F-11D3-BF4B-00C04F79EFBC}") = "AbstractShipyardContracts", "AbstractShipyardContracts\AbstractShipyardContracts.csproj", "{BA3D1E85-37CD-49DE-9860-23EEDE38D988}"
EndProject
Project("{FAE04EC0-301F-11D3-BF4B-00C04F79EFBC}") = "AbstractShipyardListImplement", "AbstractShipyardListImplement\AbstractShipyardListImplement.csproj", "{E4CF53EA-FAE0-48AA-AC00-2DFA09B4E88A}"
EndProject
Project("{FAE04EC0-301F-11D3-BF4B-00C04F79EFBC}") = "AbstractShipyardBusinessLogic", "AbstractShipyardBusinessLogic\AbstractShipyardBusinessLogic.csproj", "{050E5477-1CE0-41A6-880E-6BD7C9C2763B}"
EndProject
Global
	GlobalSection(SolutionConfigurationPlatforms) = preSolution
		Debug|Any CPU = Debug|Any CPU
		Release|Any CPU = Release|Any CPU
	EndGlobalSection
	GlobalSection(ProjectConfigurationPlatforms) = postSolution
		{3BC66222-553F-44AE-B531-D30A3EB40E91}.Debug|Any CPU.ActiveCfg = Debug|Any CPU
		{3BC66222-553F-44AE-B531-D30A3EB40E91}.Debug|Any CPU.Build.0 = Debug|Any CPU
		{3BC66222-553F-44AE-B531-D30A3EB40E91}.Release|Any CPU.ActiveCfg = Release|Any CPU
		{3BC66222-553F-44AE-B531-D30A3EB40E91}.Release|Any CPU.Build.0 = Release|Any CPU
		{BA3D1E85-37CD-49DE-9860-23EEDE38D988}.Debug|Any CPU.ActiveCfg = Debug|Any CPU
		{BA3D1E85-37CD-49DE-9860-23EEDE38D988}.Debug|Any CPU.Build.0 = Debug|Any CPU
		{BA3D1E85-37CD-49DE-9860-23EEDE38D988}.Release|Any CPU.ActiveCfg = Release|Any CPU
		{BA3D1E85-37CD-49DE-9860-23EEDE38D988}.Release|Any CPU.Build.0 = Release|Any CPU
		{E4CF53EA-FAE0-48AA-AC00-2DFA09B4E88A}.Debug|Any CPU.ActiveCfg = Debug|Any CPU
		{E4CF53EA-FAE0-48AA-AC00-2DFA09B4E88A}.Debug|Any CPU.Build.0 = Debug|Any CPU
		{E4CF53EA-FAE0-48AA-AC00-2DFA09B4E88A}.Release|Any CPU.ActiveCfg = Release|Any CPU
		{E4CF53EA-FAE0-48AA-AC00-2DFA09B4E88A}.Release|Any CPU.Build.0 = Release|Any CPU
		{050E5477-1CE0-41A6-880E-6BD7C9C2763B}.Debug|Any CPU.ActiveCfg = Debug|Any CPU
		{050E5477-1CE0-41A6-880E-6BD7C9C2763B}.Debug|Any CPU.Build.0 = Debug|Any CPU
		{050E5477-1CE0-41A6-880E-6BD7C9C2763B}.Release|Any CPU.ActiveCfg = Release|Any CPU
		{050E5477-1CE0-41A6-880E-6BD7C9C2763B}.Release|Any CPU.Build.0 = Release|Any CPU
	EndGlobalSection
	GlobalSection(SolutionProperties) = preSolution
		HideSolutionNode = FALSE
	EndGlobalSection
	GlobalSection(ExtensibilityGlobals) = postSolution
		SolutionGuid = {79E18F63-8BB5-406F-8E22-F23C5E837D8E}
	EndGlobalSection
EndGlobal
